
Microsoft Visual Studio Solution File, Format Version 12.00
# Visual Studio Version 16
VisualStudioVersion = 16.0.29609.76
MinimumVisualStudioVersion = 10.0.40219.1
Project("{FAE04EC0-301F-11D3-BF4B-00C04F79EFBC}") = "BlazorAppServer", "BlazorAppServer\BlazorAppServer.csproj", "{D9E33595-6DA4-4DF7-964C-B19985770DAE}"
EndProject
Global
	GlobalSection(SolutionConfigurationPlatforms) = preSolution
		Debug|Any CPU = Debug|Any CPU
		Release|Any CPU = Release|Any CPU
	EndGlobalSection
	GlobalSection(ProjectConfigurationPlatforms) = postSolution
		{D9E33595-6DA4-4DF7-964C-B19985770DAE}.Debug|Any CPU.ActiveCfg = Debug|Any CPU
		{D9E33595-6DA4-4DF7-964C-B19985770DAE}.Debug|Any CPU.Build.0 = Debug|Any CPU
		{D9E33595-6DA4-4DF7-964C-B19985770DAE}.Release|Any CPU.ActiveCfg = Release|Any CPU
		{D9E33595-6DA4-4DF7-964C-B19985770DAE}.Release|Any CPU.Build.0 = Release|Any CPU
	EndGlobalSection
	GlobalSection(SolutionProperties) = preSolution
		HideSolutionNode = FALSE
	EndGlobalSection
	GlobalSection(ExtensibilityGlobals) = postSolution
		SolutionGuid = {7A4D1F37-2886-42AF-9E65-489B2909E822}
	EndGlobalSection
EndGlobal
